
Microsoft Visual Studio Solution File, Format Version 12.00
# Visual Studio Version 17
VisualStudioVersion = 17.1.32319.34
MinimumVisualStudioVersion = 10.0.40219.1
Project("{2150E333-8FDC-42A3-9474-1A3956D46DE8}") = "Bootstraper", "Bootstraper", "{D54E6DCF-992D-4E55-B8A1-66611A230A9F}"
EndProject
Project("{9A19103F-16F7-4668-BE54-9A1E7A4F7556}") = "Bootstraper", "src\Bootstraper\Bootstraper.csproj", "{776AD354-F1A5-4695-BBC1-E6D3528FA060}"
EndProject
Project("{2150E333-8FDC-42A3-9474-1A3956D46DE8}") = "Shared", "Shared", "{B40558E9-5FA4-4311-90FE-13F3780A9BE5}"
EndProject
Project("{9A19103F-16F7-4668-BE54-9A1E7A4F7556}") = "Shared.Domain", "src\Shared\Shared.Domain\Shared.Domain.csproj", "{C5AD68A9-4C24-4D4C-8468-CE3C0CCDBE3D}"
EndProject
Project("{9A19103F-16F7-4668-BE54-9A1E7A4F7556}") = "Shared.Application", "src\Shared\Shared.Application\Shared.Application.csproj", "{2D9DA8D4-0F58-4BB2-AFF6-E60247F7C9C9}"
EndProject
Project("{9A19103F-16F7-4668-BE54-9A1E7A4F7556}") = "Shared.Infrastructure", "src\Shared\Shared.Infrastructure\Shared.Infrastructure.csproj", "{424CF71C-73F2-4AD1-986D-C851E191685B}"
EndProject
Project("{9A19103F-16F7-4668-BE54-9A1E7A4F7556}") = "Shared.Api", "src\Shared\Shared.Api\Shared.Api.csproj", "{DBDBC3AD-C1CD-4CFE-94EF-CEBFC1448870}"
EndProject
Project("{2150E333-8FDC-42A3-9474-1A3956D46DE8}") = "Bootstraper", "Bootstraper", "{A73C91B3-C61E-4A5A-AD53-94942CE90AF6}"
EndProject
Project("{9A19103F-16F7-4668-BE54-9A1E7A4F7556}") = "Shared.Bootstraper", "src\Shared\Shared.Bootstraper\Shared.Bootstraper.csproj", "{BA4F1E9E-070F-4159-9434-03E0E4BE6C61}"
EndProject
Global
	GlobalSection(SolutionConfigurationPlatforms) = preSolution
		Debug|Any CPU = Debug|Any CPU
		Release|Any CPU = Release|Any CPU
	EndGlobalSection
	GlobalSection(ProjectConfigurationPlatforms) = postSolution
		{776AD354-F1A5-4695-BBC1-E6D3528FA060}.Debug|Any CPU.ActiveCfg = Debug|Any CPU
		{776AD354-F1A5-4695-BBC1-E6D3528FA060}.Debug|Any CPU.Build.0 = Debug|Any CPU
		{776AD354-F1A5-4695-BBC1-E6D3528FA060}.Release|Any CPU.ActiveCfg = Release|Any CPU
		{776AD354-F1A5-4695-BBC1-E6D3528FA060}.Release|Any CPU.Build.0 = Release|Any CPU
		{C5AD68A9-4C24-4D4C-8468-CE3C0CCDBE3D}.Debug|Any CPU.ActiveCfg = Debug|Any CPU
		{C5AD68A9-4C24-4D4C-8468-CE3C0CCDBE3D}.Debug|Any CPU.Build.0 = Debug|Any CPU
		{C5AD68A9-4C24-4D4C-8468-CE3C0CCDBE3D}.Release|Any CPU.ActiveCfg = Release|Any CPU
		{C5AD68A9-4C24-4D4C-8468-CE3C0CCDBE3D}.Release|Any CPU.Build.0 = Release|Any CPU
		{2D9DA8D4-0F58-4BB2-AFF6-E60247F7C9C9}.Debug|Any CPU.ActiveCfg = Debug|Any CPU
		{2D9DA8D4-0F58-4BB2-AFF6-E60247F7C9C9}.Debug|Any CPU.Build.0 = Debug|Any CPU
		{2D9DA8D4-0F58-4BB2-AFF6-E60247F7C9C9}.Release|Any CPU.ActiveCfg = Release|Any CPU
		{2D9DA8D4-0F58-4BB2-AFF6-E60247F7C9C9}.Release|Any CPU.Build.0 = Release|Any CPU
		{424CF71C-73F2-4AD1-986D-C851E191685B}.Debug|Any CPU.ActiveCfg = Debug|Any CPU
		{424CF71C-73F2-4AD1-986D-C851E191685B}.Debug|Any CPU.Build.0 = Debug|Any CPU
		{424CF71C-73F2-4AD1-986D-C851E191685B}.Release|Any CPU.ActiveCfg = Release|Any CPU
		{424CF71C-73F2-4AD1-986D-C851E191685B}.Release|Any CPU.Build.0 = Release|Any CPU
		{DBDBC3AD-C1CD-4CFE-94EF-CEBFC1448870}.Debug|Any CPU.ActiveCfg = Debug|Any CPU
		{DBDBC3AD-C1CD-4CFE-94EF-CEBFC1448870}.Debug|Any CPU.Build.0 = Debug|Any CPU
		{DBDBC3AD-C1CD-4CFE-94EF-CEBFC1448870}.Release|Any CPU.ActiveCfg = Release|Any CPU
		{DBDBC3AD-C1CD-4CFE-94EF-CEBFC1448870}.Release|Any CPU.Build.0 = Release|Any CPU
		{BA4F1E9E-070F-4159-9434-03E0E4BE6C61}.Debug|Any CPU.ActiveCfg = Debug|Any CPU
		{BA4F1E9E-070F-4159-9434-03E0E4BE6C61}.Debug|Any CPU.Build.0 = Debug|Any CPU
		{BA4F1E9E-070F-4159-9434-03E0E4BE6C61}.Release|Any CPU.ActiveCfg = Release|Any CPU
		{BA4F1E9E-070F-4159-9434-03E0E4BE6C61}.Release|Any CPU.Build.0 = Release|Any CPU
	EndGlobalSection
	GlobalSection(SolutionProperties) = preSolution
		HideSolutionNode = FALSE
	EndGlobalSection
	GlobalSection(NestedProjects) = preSolution
		{776AD354-F1A5-4695-BBC1-E6D3528FA060} = {D54E6DCF-992D-4E55-B8A1-66611A230A9F}
		{C5AD68A9-4C24-4D4C-8468-CE3C0CCDBE3D} = {B40558E9-5FA4-4311-90FE-13F3780A9BE5}
		{2D9DA8D4-0F58-4BB2-AFF6-E60247F7C9C9} = {B40558E9-5FA4-4311-90FE-13F3780A9BE5}
		{424CF71C-73F2-4AD1-986D-C851E191685B} = {B40558E9-5FA4-4311-90FE-13F3780A9BE5}
		{DBDBC3AD-C1CD-4CFE-94EF-CEBFC1448870} = {B40558E9-5FA4-4311-90FE-13F3780A9BE5}
		{A73C91B3-C61E-4A5A-AD53-94942CE90AF6} = {B40558E9-5FA4-4311-90FE-13F3780A9BE5}
		{BA4F1E9E-070F-4159-9434-03E0E4BE6C61} = {A73C91B3-C61E-4A5A-AD53-94942CE90AF6}
	EndGlobalSection
	GlobalSection(ExtensibilityGlobals) = postSolution
		SolutionGuid = {B4B237F6-64CC-4DA8-B9D0-A95951112588}
	EndGlobalSection
EndGlobal
