
Microsoft Visual Studio Solution File, Format Version 12.00
# Visual Studio Version 17
VisualStudioVersion = 17.1.32319.34
MinimumVisualStudioVersion = 10.0.40219.1
Project("{2150E333-8FDC-42A3-9474-1A3956D46DE8}") = "Shared", "Shared", "{4C5CB352-1436-4EE5-AC2A-8D2378ADA0DD}"
EndProject
Project("{9A19103F-16F7-4668-BE54-9A1E7A4F7556}") = "Shared.Domain", "..\..\Shared\Shared.Domain\Shared.Domain.csproj", "{6F7B8094-7B91-40CD-8177-63EBBAD32EC7}"
EndProject
Project("{9A19103F-16F7-4668-BE54-9A1E7A4F7556}") = "Shared.Infrastructure", "..\..\Shared\Shared.Infrastructure\Shared.Infrastructure.csproj", "{F49DE0E7-35A4-41E4-9096-F34D4EB25F36}"
EndProject
Project("{2150E333-8FDC-42A3-9474-1A3956D46DE8}") = "Tests", "Tests", "{B45EDEC9-346E-4EFC-AFCF-3F8E5D44638F}"
EndProject
Project("{9A19103F-16F7-4668-BE54-9A1E7A4F7556}") = "Shared.DomainTests", "..\..\Shared\Shared.DomainTests\Shared.DomainTests.csproj", "{21BCD234-4D48-412E-9F4F-358E9FFF36D1}"
EndProject
Project("{9A19103F-16F7-4668-BE54-9A1E7A4F7556}") = "Shared.ApiTests", "..\..\Shared\Shared.ApiTests\Shared.ApiTests.csproj", "{2D658793-A5F5-4D25-9A5D-B1400A5340DE}"
EndProject
Project("{2150E333-8FDC-42A3-9474-1A3956D46DE8}") = "Modules", "Modules", "{8FB538A3-B9F8-43EE-979F-65C7BBA3883E}"
EndProject
Project("{2150E333-8FDC-42A3-9474-1A3956D46DE8}") = "Warehouses", "Warehouses", "{FC0E4C32-8641-486D-82E8-C0D02DE7CCF8}"
EndProject
Project("{2150E333-8FDC-42A3-9474-1A3956D46DE8}") = "Bootstraper", "Bootstraper", "{CC35A225-DCDA-49A3-9846-A0ED0F2E457E}"
EndProject
Project("{2150E333-8FDC-42A3-9474-1A3956D46DE8}") = "Tests", "Tests", "{BBE5CA0B-B3E2-4495-A26E-5430278487AF}"
EndProject
Project("{9A19103F-16F7-4668-BE54-9A1E7A4F7556}") = "Modules.Warehouses.Bootstraper", "Modules.Warehouses.Bootstraper\Modules.Warehouses.Bootstraper.csproj", "{B2EB95DE-50D8-4D24-899A-B4D1C6A9D72B}"
EndProject
Project("{9A19103F-16F7-4668-BE54-9A1E7A4F7556}") = "Modules.Warehouses.DomainTests", "Modules.Warehouses.DomainTests\Modules.Warehouses.DomainTests.csproj", "{E92C500A-375E-420E-A2B0-F191B16E221B}"
EndProject
Project("{9A19103F-16F7-4668-BE54-9A1E7A4F7556}") = "Modules.Warehouses.ApiTests", "Modules.Warehouses.ApiTests\Modules.Warehouses.ApiTests.csproj", "{EB44B0D1-12A9-4281-8219-FBB9918C63E2}"
EndProject
Project("{9A19103F-16F7-4668-BE54-9A1E7A4F7556}") = "Modules.Warehouses.Domain", "Modules.Warehouses.Domain\Modules.Warehouses.Domain.csproj", "{0A9807FE-7B65-4486-9BD9-85DA5A7107F7}"
EndProject
Project("{9A19103F-16F7-4668-BE54-9A1E7A4F7556}") = "Modules.Warehouses.Infrastructure", "Modules.Warehouses.Infrastructure\Modules.Warehouses.Infrastructure.csproj", "{D95DF4B0-7556-4253-BFCA-2F81F2746972}"
EndProject
Project("{9A19103F-16F7-4668-BE54-9A1E7A4F7556}") = "Modules.Warehouses.Application", "Modules.Warehouses.Application\Modules.Warehouses.Application.csproj", "{6291E706-2906-434E-A1D1-F7ADD68500AB}"
EndProject
Project("{9A19103F-16F7-4668-BE54-9A1E7A4F7556}") = "Shared.Application", "..\..\Shared\Shared.Application\Shared.Application.csproj", "{9A373F8E-D621-4D5D-B133-3A02EB81274A}"
EndProject
Project("{9A19103F-16F7-4668-BE54-9A1E7A4F7556}") = "Shared.Api", "..\..\Shared\Shared.Api\Shared.Api.csproj", "{24C2CAF1-80F0-4B3E-9811-E13B752275A6}"
EndProject
Project("{9A19103F-16F7-4668-BE54-9A1E7A4F7556}") = "Modules.Warehouses.Api", "Modules.Warehouses.Api\Modules.Warehouses.Api.csproj", "{4678A756-4953-439C-89A2-156A16399FBC}"
EndProject
Project("{9A19103F-16F7-4668-BE54-9A1E7A4F7556}") = "Modules.Warehouses.Shared", "Modules.Warehouses.Shared\Modules.Warehouses.Shared.csproj", "{F0FA354E-A6F7-45B8-82ED-BA41443D718A}"
EndProject
Global
	GlobalSection(SolutionConfigurationPlatforms) = preSolution
		Debug|Any CPU = Debug|Any CPU
		Release|Any CPU = Release|Any CPU
	EndGlobalSection
	GlobalSection(ProjectConfigurationPlatforms) = postSolution
		{6F7B8094-7B91-40CD-8177-63EBBAD32EC7}.Debug|Any CPU.ActiveCfg = Debug|Any CPU
		{6F7B8094-7B91-40CD-8177-63EBBAD32EC7}.Debug|Any CPU.Build.0 = Debug|Any CPU
		{6F7B8094-7B91-40CD-8177-63EBBAD32EC7}.Release|Any CPU.ActiveCfg = Release|Any CPU
		{6F7B8094-7B91-40CD-8177-63EBBAD32EC7}.Release|Any CPU.Build.0 = Release|Any CPU
		{F49DE0E7-35A4-41E4-9096-F34D4EB25F36}.Debug|Any CPU.ActiveCfg = Debug|Any CPU
		{F49DE0E7-35A4-41E4-9096-F34D4EB25F36}.Debug|Any CPU.Build.0 = Debug|Any CPU
		{F49DE0E7-35A4-41E4-9096-F34D4EB25F36}.Release|Any CPU.ActiveCfg = Release|Any CPU
		{F49DE0E7-35A4-41E4-9096-F34D4EB25F36}.Release|Any CPU.Build.0 = Release|Any CPU
		{21BCD234-4D48-412E-9F4F-358E9FFF36D1}.Debug|Any CPU.ActiveCfg = Debug|Any CPU
		{21BCD234-4D48-412E-9F4F-358E9FFF36D1}.Debug|Any CPU.Build.0 = Debug|Any CPU
		{21BCD234-4D48-412E-9F4F-358E9FFF36D1}.Release|Any CPU.ActiveCfg = Release|Any CPU
		{21BCD234-4D48-412E-9F4F-358E9FFF36D1}.Release|Any CPU.Build.0 = Release|Any CPU
		{2D658793-A5F5-4D25-9A5D-B1400A5340DE}.Debug|Any CPU.ActiveCfg = Debug|Any CPU
		{2D658793-A5F5-4D25-9A5D-B1400A5340DE}.Debug|Any CPU.Build.0 = Debug|Any CPU
		{2D658793-A5F5-4D25-9A5D-B1400A5340DE}.Release|Any CPU.ActiveCfg = Release|Any CPU
		{2D658793-A5F5-4D25-9A5D-B1400A5340DE}.Release|Any CPU.Build.0 = Release|Any CPU
		{B2EB95DE-50D8-4D24-899A-B4D1C6A9D72B}.Debug|Any CPU.ActiveCfg = Debug|Any CPU
		{B2EB95DE-50D8-4D24-899A-B4D1C6A9D72B}.Debug|Any CPU.Build.0 = Debug|Any CPU
		{B2EB95DE-50D8-4D24-899A-B4D1C6A9D72B}.Release|Any CPU.ActiveCfg = Release|Any CPU
		{B2EB95DE-50D8-4D24-899A-B4D1C6A9D72B}.Release|Any CPU.Build.0 = Release|Any CPU
		{E92C500A-375E-420E-A2B0-F191B16E221B}.Debug|Any CPU.ActiveCfg = Debug|Any CPU
		{E92C500A-375E-420E-A2B0-F191B16E221B}.Debug|Any CPU.Build.0 = Debug|Any CPU
		{E92C500A-375E-420E-A2B0-F191B16E221B}.Release|Any CPU.ActiveCfg = Release|Any CPU
		{E92C500A-375E-420E-A2B0-F191B16E221B}.Release|Any CPU.Build.0 = Release|Any CPU
		{EB44B0D1-12A9-4281-8219-FBB9918C63E2}.Debug|Any CPU.ActiveCfg = Debug|Any CPU
		{EB44B0D1-12A9-4281-8219-FBB9918C63E2}.Debug|Any CPU.Build.0 = Debug|Any CPU
		{EB44B0D1-12A9-4281-8219-FBB9918C63E2}.Release|Any CPU.ActiveCfg = Release|Any CPU
		{EB44B0D1-12A9-4281-8219-FBB9918C63E2}.Release|Any CPU.Build.0 = Release|Any CPU
		{0A9807FE-7B65-4486-9BD9-85DA5A7107F7}.Debug|Any CPU.ActiveCfg = Debug|Any CPU
		{0A9807FE-7B65-4486-9BD9-85DA5A7107F7}.Debug|Any CPU.Build.0 = Debug|Any CPU
		{0A9807FE-7B65-4486-9BD9-85DA5A7107F7}.Release|Any CPU.ActiveCfg = Release|Any CPU
		{0A9807FE-7B65-4486-9BD9-85DA5A7107F7}.Release|Any CPU.Build.0 = Release|Any CPU
		{D95DF4B0-7556-4253-BFCA-2F81F2746972}.Debug|Any CPU.ActiveCfg = Debug|Any CPU
		{D95DF4B0-7556-4253-BFCA-2F81F2746972}.Debug|Any CPU.Build.0 = Debug|Any CPU
		{D95DF4B0-7556-4253-BFCA-2F81F2746972}.Release|Any CPU.ActiveCfg = Release|Any CPU
		{D95DF4B0-7556-4253-BFCA-2F81F2746972}.Release|Any CPU.Build.0 = Release|Any CPU
		{6291E706-2906-434E-A1D1-F7ADD68500AB}.Debug|Any CPU.ActiveCfg = Debug|Any CPU
		{6291E706-2906-434E-A1D1-F7ADD68500AB}.Debug|Any CPU.Build.0 = Debug|Any CPU
		{6291E706-2906-434E-A1D1-F7ADD68500AB}.Release|Any CPU.ActiveCfg = Release|Any CPU
		{6291E706-2906-434E-A1D1-F7ADD68500AB}.Release|Any CPU.Build.0 = Release|Any CPU
		{9A373F8E-D621-4D5D-B133-3A02EB81274A}.Debug|Any CPU.ActiveCfg = Debug|Any CPU
		{9A373F8E-D621-4D5D-B133-3A02EB81274A}.Debug|Any CPU.Build.0 = Debug|Any CPU
		{9A373F8E-D621-4D5D-B133-3A02EB81274A}.Release|Any CPU.ActiveCfg = Release|Any CPU
		{9A373F8E-D621-4D5D-B133-3A02EB81274A}.Release|Any CPU.Build.0 = Release|Any CPU
		{24C2CAF1-80F0-4B3E-9811-E13B752275A6}.Debug|Any CPU.ActiveCfg = Debug|Any CPU
		{24C2CAF1-80F0-4B3E-9811-E13B752275A6}.Debug|Any CPU.Build.0 = Debug|Any CPU
		{24C2CAF1-80F0-4B3E-9811-E13B752275A6}.Release|Any CPU.ActiveCfg = Release|Any CPU
		{24C2CAF1-80F0-4B3E-9811-E13B752275A6}.Release|Any CPU.Build.0 = Release|Any CPU
		{4678A756-4953-439C-89A2-156A16399FBC}.Debug|Any CPU.ActiveCfg = Debug|Any CPU
		{4678A756-4953-439C-89A2-156A16399FBC}.Debug|Any CPU.Build.0 = Debug|Any CPU
		{4678A756-4953-439C-89A2-156A16399FBC}.Release|Any CPU.ActiveCfg = Release|Any CPU
		{4678A756-4953-439C-89A2-156A16399FBC}.Release|Any CPU.Build.0 = Release|Any CPU
		{F0FA354E-A6F7-45B8-82ED-BA41443D718A}.Debug|Any CPU.ActiveCfg = Debug|Any CPU
		{F0FA354E-A6F7-45B8-82ED-BA41443D718A}.Debug|Any CPU.Build.0 = Debug|Any CPU
		{F0FA354E-A6F7-45B8-82ED-BA41443D718A}.Release|Any CPU.ActiveCfg = Release|Any CPU
		{F0FA354E-A6F7-45B8-82ED-BA41443D718A}.Release|Any CPU.Build.0 = Release|Any CPU
	EndGlobalSection
	GlobalSection(SolutionProperties) = preSolution
		HideSolutionNode = FALSE
	EndGlobalSection
	GlobalSection(NestedProjects) = preSolution
		{6F7B8094-7B91-40CD-8177-63EBBAD32EC7} = {4C5CB352-1436-4EE5-AC2A-8D2378ADA0DD}
		{F49DE0E7-35A4-41E4-9096-F34D4EB25F36} = {4C5CB352-1436-4EE5-AC2A-8D2378ADA0DD}
		{B45EDEC9-346E-4EFC-AFCF-3F8E5D44638F} = {4C5CB352-1436-4EE5-AC2A-8D2378ADA0DD}
		{21BCD234-4D48-412E-9F4F-358E9FFF36D1} = {B45EDEC9-346E-4EFC-AFCF-3F8E5D44638F}
		{2D658793-A5F5-4D25-9A5D-B1400A5340DE} = {B45EDEC9-346E-4EFC-AFCF-3F8E5D44638F}
		{FC0E4C32-8641-486D-82E8-C0D02DE7CCF8} = {8FB538A3-B9F8-43EE-979F-65C7BBA3883E}
		{CC35A225-DCDA-49A3-9846-A0ED0F2E457E} = {FC0E4C32-8641-486D-82E8-C0D02DE7CCF8}
		{BBE5CA0B-B3E2-4495-A26E-5430278487AF} = {FC0E4C32-8641-486D-82E8-C0D02DE7CCF8}
		{B2EB95DE-50D8-4D24-899A-B4D1C6A9D72B} = {CC35A225-DCDA-49A3-9846-A0ED0F2E457E}
		{E92C500A-375E-420E-A2B0-F191B16E221B} = {BBE5CA0B-B3E2-4495-A26E-5430278487AF}
		{EB44B0D1-12A9-4281-8219-FBB9918C63E2} = {BBE5CA0B-B3E2-4495-A26E-5430278487AF}
		{0A9807FE-7B65-4486-9BD9-85DA5A7107F7} = {FC0E4C32-8641-486D-82E8-C0D02DE7CCF8}
		{D95DF4B0-7556-4253-BFCA-2F81F2746972} = {FC0E4C32-8641-486D-82E8-C0D02DE7CCF8}
		{6291E706-2906-434E-A1D1-F7ADD68500AB} = {FC0E4C32-8641-486D-82E8-C0D02DE7CCF8}
		{9A373F8E-D621-4D5D-B133-3A02EB81274A} = {4C5CB352-1436-4EE5-AC2A-8D2378ADA0DD}
		{24C2CAF1-80F0-4B3E-9811-E13B752275A6} = {4C5CB352-1436-4EE5-AC2A-8D2378ADA0DD}
		{4678A756-4953-439C-89A2-156A16399FBC} = {FC0E4C32-8641-486D-82E8-C0D02DE7CCF8}
		{F0FA354E-A6F7-45B8-82ED-BA41443D718A} = {FC0E4C32-8641-486D-82E8-C0D02DE7CCF8}
	EndGlobalSection
	GlobalSection(ExtensibilityGlobals) = postSolution
		SolutionGuid = {B4B237F6-64CC-4DA8-B9D0-A95951112588}
	EndGlobalSection
EndGlobal
