
Microsoft Visual Studio Solution File, Format Version 12.00
# Visual Studio Version 17
VisualStudioVersion = 17.1.32319.34
MinimumVisualStudioVersion = 10.0.40219.1
Project("{2150E333-8FDC-42A3-9474-1A3956D46DE8}") = "Shared", "Shared", "{4C5CB352-1436-4EE5-AC2A-8D2378ADA0DD}"
EndProject
Project("{9A19103F-16F7-4668-BE54-9A1E7A4F7556}") = "Shared.Domain", "..\..\Shared\Shared.Domain\Shared.Domain.csproj", "{6F7B8094-7B91-40CD-8177-63EBBAD32EC7}"
EndProject
Project("{9A19103F-16F7-4668-BE54-9A1E7A4F7556}") = "Shared.Infrastructure", "..\..\Shared\Shared.Infrastructure\Shared.Infrastructure.csproj", "{F49DE0E7-35A4-41E4-9096-F34D4EB25F36}"
EndProject
Project("{2150E333-8FDC-42A3-9474-1A3956D46DE8}") = "Tests", "Tests", "{B45EDEC9-346E-4EFC-AFCF-3F8E5D44638F}"
EndProject
Project("{9A19103F-16F7-4668-BE54-9A1E7A4F7556}") = "Shared.DomainTests", "..\..\Shared\Shared.DomainTests\Shared.DomainTests.csproj", "{21BCD234-4D48-412E-9F4F-358E9FFF36D1}"
EndProject
Project("{9A19103F-16F7-4668-BE54-9A1E7A4F7556}") = "Shared.ApiTests", "..\..\Shared\Shared.ApiTests\Shared.ApiTests.csproj", "{2D658793-A5F5-4D25-9A5D-B1400A5340DE}"
EndProject
Project("{2150E333-8FDC-42A3-9474-1A3956D46DE8}") = "Modules", "Modules", "{8FB538A3-B9F8-43EE-979F-65C7BBA3883E}"
EndProject
Project("{2150E333-8FDC-42A3-9474-1A3956D46DE8}") = "Contractors", "Contractors", "{99E5F82B-8A6D-4F31-8ED4-6C3969B61748}"
EndProject
Project("{9A19103F-16F7-4668-BE54-9A1E7A4F7556}") = "Modules.Contractors.Domain", "Modules.Contractors.Domain\Modules.Contractors.Domain.csproj", "{2133E67D-8950-44C1-A5AA-0CCC1FE6C0B3}"
EndProject
Project("{9A19103F-16F7-4668-BE54-9A1E7A4F7556}") = "Modules.Contractors.Application", "Modules.Contractors.Application\Modules.Contractors.Application.csproj", "{45F786EA-E891-43D3-BDED-54F19EE7AC2C}"
EndProject
Project("{9A19103F-16F7-4668-BE54-9A1E7A4F7556}") = "Modules.Contractors.Infrastructure", "Modules.Contractors.Infrastructure\Modules.Contractors.Infrastructure.csproj", "{4D143DEB-EDD7-4B2E-BBE3-4D610EC9B10F}"
EndProject
Project("{2150E333-8FDC-42A3-9474-1A3956D46DE8}") = "Tests", "Tests", "{70985798-FF5A-41E1-B34E-E692304127F0}"
EndProject
Project("{9A19103F-16F7-4668-BE54-9A1E7A4F7556}") = "Modules.Contractors.DomainTests", "Modules.Contractors.DomainTests\Modules.Contractors.DomainTests.csproj", "{BA7E187F-001A-42D8-B0F5-00ECF80610B2}"
EndProject
Project("{9A19103F-16F7-4668-BE54-9A1E7A4F7556}") = "Modules.Contractors.ApiTests", "Modules.Contractors.ApiTests\Modules.Contractors.ApiTests.csproj", "{6A71EE7B-192B-42EC-9382-37C7B1608233}"
EndProject
Project("{2150E333-8FDC-42A3-9474-1A3956D46DE8}") = "Bootstraper", "Bootstraper", "{4BF0BEC7-7DBE-4D18-8DC8-C837D9C76B18}"
EndProject
Project("{9A19103F-16F7-4668-BE54-9A1E7A4F7556}") = "Modules.Contractors.Bootstraper", "Modules.Contractors.Bootstraper\Modules.Contractors.Bootstraper.csproj", "{12B9092B-C2A6-4F9D-B97E-20E652BB260A}"
EndProject
Project("{9A19103F-16F7-4668-BE54-9A1E7A4F7556}") = "Shared.Application", "..\..\Shared\Shared.Application\Shared.Application.csproj", "{9A373F8E-D621-4D5D-B133-3A02EB81274A}"
EndProject
Project("{9A19103F-16F7-4668-BE54-9A1E7A4F7556}") = "Shared.Api", "..\..\Shared\Shared.Api\Shared.Api.csproj", "{24C2CAF1-80F0-4B3E-9811-E13B752275A6}"
EndProject
Project("{9A19103F-16F7-4668-BE54-9A1E7A4F7556}") = "Modules.Contractors.Api", "Modules.Contractors.Api\Modules.Contractors.Api.csproj", "{E8212B66-1993-452A-A0DE-2C6FE7A9B8B4}"
EndProject
Project("{9A19103F-16F7-4668-BE54-9A1E7A4F7556}") = "Modules.Contractors.Shared", "Modules.Contractors.Shared\Modules.Contractors.Shared.csproj", "{4A3092D0-3D04-4CBC-801D-8354C1A46058}"
EndProject
Global
	GlobalSection(SolutionConfigurationPlatforms) = preSolution
		Debug|Any CPU = Debug|Any CPU
		Release|Any CPU = Release|Any CPU
	EndGlobalSection
	GlobalSection(ProjectConfigurationPlatforms) = postSolution
		{6F7B8094-7B91-40CD-8177-63EBBAD32EC7}.Debug|Any CPU.ActiveCfg = Debug|Any CPU
		{6F7B8094-7B91-40CD-8177-63EBBAD32EC7}.Debug|Any CPU.Build.0 = Debug|Any CPU
		{6F7B8094-7B91-40CD-8177-63EBBAD32EC7}.Release|Any CPU.ActiveCfg = Release|Any CPU
		{6F7B8094-7B91-40CD-8177-63EBBAD32EC7}.Release|Any CPU.Build.0 = Release|Any CPU
		{F49DE0E7-35A4-41E4-9096-F34D4EB25F36}.Debug|Any CPU.ActiveCfg = Debug|Any CPU
		{F49DE0E7-35A4-41E4-9096-F34D4EB25F36}.Debug|Any CPU.Build.0 = Debug|Any CPU
		{F49DE0E7-35A4-41E4-9096-F34D4EB25F36}.Release|Any CPU.ActiveCfg = Release|Any CPU
		{F49DE0E7-35A4-41E4-9096-F34D4EB25F36}.Release|Any CPU.Build.0 = Release|Any CPU
		{21BCD234-4D48-412E-9F4F-358E9FFF36D1}.Debug|Any CPU.ActiveCfg = Debug|Any CPU
		{21BCD234-4D48-412E-9F4F-358E9FFF36D1}.Debug|Any CPU.Build.0 = Debug|Any CPU
		{21BCD234-4D48-412E-9F4F-358E9FFF36D1}.Release|Any CPU.ActiveCfg = Release|Any CPU
		{21BCD234-4D48-412E-9F4F-358E9FFF36D1}.Release|Any CPU.Build.0 = Release|Any CPU
		{2D658793-A5F5-4D25-9A5D-B1400A5340DE}.Debug|Any CPU.ActiveCfg = Debug|Any CPU
		{2D658793-A5F5-4D25-9A5D-B1400A5340DE}.Debug|Any CPU.Build.0 = Debug|Any CPU
		{2D658793-A5F5-4D25-9A5D-B1400A5340DE}.Release|Any CPU.ActiveCfg = Release|Any CPU
		{2D658793-A5F5-4D25-9A5D-B1400A5340DE}.Release|Any CPU.Build.0 = Release|Any CPU
		{2133E67D-8950-44C1-A5AA-0CCC1FE6C0B3}.Debug|Any CPU.ActiveCfg = Debug|Any CPU
		{2133E67D-8950-44C1-A5AA-0CCC1FE6C0B3}.Debug|Any CPU.Build.0 = Debug|Any CPU
		{2133E67D-8950-44C1-A5AA-0CCC1FE6C0B3}.Release|Any CPU.ActiveCfg = Release|Any CPU
		{2133E67D-8950-44C1-A5AA-0CCC1FE6C0B3}.Release|Any CPU.Build.0 = Release|Any CPU
		{45F786EA-E891-43D3-BDED-54F19EE7AC2C}.Debug|Any CPU.ActiveCfg = Debug|Any CPU
		{45F786EA-E891-43D3-BDED-54F19EE7AC2C}.Debug|Any CPU.Build.0 = Debug|Any CPU
		{45F786EA-E891-43D3-BDED-54F19EE7AC2C}.Release|Any CPU.ActiveCfg = Release|Any CPU
		{45F786EA-E891-43D3-BDED-54F19EE7AC2C}.Release|Any CPU.Build.0 = Release|Any CPU
		{4D143DEB-EDD7-4B2E-BBE3-4D610EC9B10F}.Debug|Any CPU.ActiveCfg = Debug|Any CPU
		{4D143DEB-EDD7-4B2E-BBE3-4D610EC9B10F}.Debug|Any CPU.Build.0 = Debug|Any CPU
		{4D143DEB-EDD7-4B2E-BBE3-4D610EC9B10F}.Release|Any CPU.ActiveCfg = Release|Any CPU
		{4D143DEB-EDD7-4B2E-BBE3-4D610EC9B10F}.Release|Any CPU.Build.0 = Release|Any CPU
		{BA7E187F-001A-42D8-B0F5-00ECF80610B2}.Debug|Any CPU.ActiveCfg = Debug|Any CPU
		{BA7E187F-001A-42D8-B0F5-00ECF80610B2}.Debug|Any CPU.Build.0 = Debug|Any CPU
		{BA7E187F-001A-42D8-B0F5-00ECF80610B2}.Release|Any CPU.ActiveCfg = Release|Any CPU
		{BA7E187F-001A-42D8-B0F5-00ECF80610B2}.Release|Any CPU.Build.0 = Release|Any CPU
		{6A71EE7B-192B-42EC-9382-37C7B1608233}.Debug|Any CPU.ActiveCfg = Debug|Any CPU
		{6A71EE7B-192B-42EC-9382-37C7B1608233}.Debug|Any CPU.Build.0 = Debug|Any CPU
		{6A71EE7B-192B-42EC-9382-37C7B1608233}.Release|Any CPU.ActiveCfg = Release|Any CPU
		{6A71EE7B-192B-42EC-9382-37C7B1608233}.Release|Any CPU.Build.0 = Release|Any CPU
		{12B9092B-C2A6-4F9D-B97E-20E652BB260A}.Debug|Any CPU.ActiveCfg = Debug|Any CPU
		{12B9092B-C2A6-4F9D-B97E-20E652BB260A}.Debug|Any CPU.Build.0 = Debug|Any CPU
		{12B9092B-C2A6-4F9D-B97E-20E652BB260A}.Release|Any CPU.ActiveCfg = Release|Any CPU
		{12B9092B-C2A6-4F9D-B97E-20E652BB260A}.Release|Any CPU.Build.0 = Release|Any CPU
		{9A373F8E-D621-4D5D-B133-3A02EB81274A}.Debug|Any CPU.ActiveCfg = Debug|Any CPU
		{9A373F8E-D621-4D5D-B133-3A02EB81274A}.Debug|Any CPU.Build.0 = Debug|Any CPU
		{9A373F8E-D621-4D5D-B133-3A02EB81274A}.Release|Any CPU.ActiveCfg = Release|Any CPU
		{9A373F8E-D621-4D5D-B133-3A02EB81274A}.Release|Any CPU.Build.0 = Release|Any CPU
		{24C2CAF1-80F0-4B3E-9811-E13B752275A6}.Debug|Any CPU.ActiveCfg = Debug|Any CPU
		{24C2CAF1-80F0-4B3E-9811-E13B752275A6}.Debug|Any CPU.Build.0 = Debug|Any CPU
		{24C2CAF1-80F0-4B3E-9811-E13B752275A6}.Release|Any CPU.ActiveCfg = Release|Any CPU
		{24C2CAF1-80F0-4B3E-9811-E13B752275A6}.Release|Any CPU.Build.0 = Release|Any CPU
		{E8212B66-1993-452A-A0DE-2C6FE7A9B8B4}.Debug|Any CPU.ActiveCfg = Debug|Any CPU
		{E8212B66-1993-452A-A0DE-2C6FE7A9B8B4}.Debug|Any CPU.Build.0 = Debug|Any CPU
		{E8212B66-1993-452A-A0DE-2C6FE7A9B8B4}.Release|Any CPU.ActiveCfg = Release|Any CPU
		{E8212B66-1993-452A-A0DE-2C6FE7A9B8B4}.Release|Any CPU.Build.0 = Release|Any CPU
		{4A3092D0-3D04-4CBC-801D-8354C1A46058}.Debug|Any CPU.ActiveCfg = Debug|Any CPU
		{4A3092D0-3D04-4CBC-801D-8354C1A46058}.Debug|Any CPU.Build.0 = Debug|Any CPU
		{4A3092D0-3D04-4CBC-801D-8354C1A46058}.Release|Any CPU.ActiveCfg = Release|Any CPU
		{4A3092D0-3D04-4CBC-801D-8354C1A46058}.Release|Any CPU.Build.0 = Release|Any CPU
	EndGlobalSection
	GlobalSection(SolutionProperties) = preSolution
		HideSolutionNode = FALSE
	EndGlobalSection
	GlobalSection(NestedProjects) = preSolution
		{6F7B8094-7B91-40CD-8177-63EBBAD32EC7} = {4C5CB352-1436-4EE5-AC2A-8D2378ADA0DD}
		{F49DE0E7-35A4-41E4-9096-F34D4EB25F36} = {4C5CB352-1436-4EE5-AC2A-8D2378ADA0DD}
		{B45EDEC9-346E-4EFC-AFCF-3F8E5D44638F} = {4C5CB352-1436-4EE5-AC2A-8D2378ADA0DD}
		{21BCD234-4D48-412E-9F4F-358E9FFF36D1} = {B45EDEC9-346E-4EFC-AFCF-3F8E5D44638F}
		{2D658793-A5F5-4D25-9A5D-B1400A5340DE} = {B45EDEC9-346E-4EFC-AFCF-3F8E5D44638F}
		{99E5F82B-8A6D-4F31-8ED4-6C3969B61748} = {8FB538A3-B9F8-43EE-979F-65C7BBA3883E}
		{2133E67D-8950-44C1-A5AA-0CCC1FE6C0B3} = {99E5F82B-8A6D-4F31-8ED4-6C3969B61748}
		{45F786EA-E891-43D3-BDED-54F19EE7AC2C} = {99E5F82B-8A6D-4F31-8ED4-6C3969B61748}
		{4D143DEB-EDD7-4B2E-BBE3-4D610EC9B10F} = {99E5F82B-8A6D-4F31-8ED4-6C3969B61748}
		{70985798-FF5A-41E1-B34E-E692304127F0} = {99E5F82B-8A6D-4F31-8ED4-6C3969B61748}
		{BA7E187F-001A-42D8-B0F5-00ECF80610B2} = {70985798-FF5A-41E1-B34E-E692304127F0}
		{6A71EE7B-192B-42EC-9382-37C7B1608233} = {70985798-FF5A-41E1-B34E-E692304127F0}
		{4BF0BEC7-7DBE-4D18-8DC8-C837D9C76B18} = {99E5F82B-8A6D-4F31-8ED4-6C3969B61748}
		{12B9092B-C2A6-4F9D-B97E-20E652BB260A} = {4BF0BEC7-7DBE-4D18-8DC8-C837D9C76B18}
		{9A373F8E-D621-4D5D-B133-3A02EB81274A} = {4C5CB352-1436-4EE5-AC2A-8D2378ADA0DD}
		{24C2CAF1-80F0-4B3E-9811-E13B752275A6} = {4C5CB352-1436-4EE5-AC2A-8D2378ADA0DD}
		{E8212B66-1993-452A-A0DE-2C6FE7A9B8B4} = {99E5F82B-8A6D-4F31-8ED4-6C3969B61748}
		{4A3092D0-3D04-4CBC-801D-8354C1A46058} = {99E5F82B-8A6D-4F31-8ED4-6C3969B61748}
	EndGlobalSection
	GlobalSection(ExtensibilityGlobals) = postSolution
		SolutionGuid = {B4B237F6-64CC-4DA8-B9D0-A95951112588}
	EndGlobalSection
EndGlobal
