
Microsoft Visual Studio Solution File, Format Version 12.00
# Visual Studio Version 17
VisualStudioVersion = 17.1.32319.34
MinimumVisualStudioVersion = 10.0.40219.1
Project("{2150E333-8FDC-42A3-9474-1A3956D46DE8}") = "Shared", "Shared", "{4C5CB352-1436-4EE5-AC2A-8D2378ADA0DD}"
EndProject
Project("{9A19103F-16F7-4668-BE54-9A1E7A4F7556}") = "Shared.Domain", "..\..\Shared\Shared.Domain\Shared.Domain.csproj", "{6F7B8094-7B91-40CD-8177-63EBBAD32EC7}"
EndProject
Project("{9A19103F-16F7-4668-BE54-9A1E7A4F7556}") = "Shared.Infrastructure", "..\..\Shared\Shared.Infrastructure\Shared.Infrastructure.csproj", "{F49DE0E7-35A4-41E4-9096-F34D4EB25F36}"
EndProject
Project("{2150E333-8FDC-42A3-9474-1A3956D46DE8}") = "Tests", "Tests", "{B45EDEC9-346E-4EFC-AFCF-3F8E5D44638F}"
EndProject
Project("{9A19103F-16F7-4668-BE54-9A1E7A4F7556}") = "Shared.DomainTests", "..\..\Shared\Shared.DomainTests\Shared.DomainTests.csproj", "{21BCD234-4D48-412E-9F4F-358E9FFF36D1}"
EndProject
Project("{9A19103F-16F7-4668-BE54-9A1E7A4F7556}") = "Shared.ApiTests", "..\..\Shared\Shared.ApiTests\Shared.ApiTests.csproj", "{2D658793-A5F5-4D25-9A5D-B1400A5340DE}"
EndProject
Project("{2150E333-8FDC-42A3-9474-1A3956D46DE8}") = "Modules", "Modules", "{8FB538A3-B9F8-43EE-979F-65C7BBA3883E}"
EndProject
Project("{2150E333-8FDC-42A3-9474-1A3956D46DE8}") = "Articles", "Articles", "{2A529F31-DA69-4087-B165-D8460CCEB0C0}"
EndProject
Project("{9A19103F-16F7-4668-BE54-9A1E7A4F7556}") = "Modules.Articles.Domain", "Modules.Articles.Domain\Modules.Articles.Domain.csproj", "{016C67E4-961A-4214-92D4-0865156E1489}"
EndProject
Project("{9A19103F-16F7-4668-BE54-9A1E7A4F7556}") = "Modules.Articles.Application", "Modules.Articles.Application\Modules.Articles.Application.csproj", "{F13F659B-3C51-474A-A68C-7CC3D1917068}"
EndProject
Project("{9A19103F-16F7-4668-BE54-9A1E7A4F7556}") = "Modules.Articles.Infrastructure", "Modules.Articles.Infrastructure\Modules.Articles.Infrastructure.csproj", "{CCBAC426-C135-4234-855D-C50C34A0463A}"
EndProject
Project("{2150E333-8FDC-42A3-9474-1A3956D46DE8}") = "Tests", "Tests", "{BA0B4FC5-FBFB-48A7-BB21-F22607CBC7C0}"
EndProject
Project("{9A19103F-16F7-4668-BE54-9A1E7A4F7556}") = "Modules.Articles.DomainTests", "Modules.Articles.DomainTests\Modules.Articles.DomainTests.csproj", "{C45AAD97-DEE9-4749-AC30-9D46EE1B80CE}"
EndProject
Project("{9A19103F-16F7-4668-BE54-9A1E7A4F7556}") = "Modules.Articles.ApiTests", "Modules.Articles.ApiTests\Modules.Articles.ApiTests.csproj", "{0B10D7D3-55E0-45B2-968C-3EEF62CB6FB7}"
EndProject
Project("{2150E333-8FDC-42A3-9474-1A3956D46DE8}") = "Bootstraper", "Bootstraper", "{AA80CFF7-38C3-4B74-957D-6C583F950FFB}"
EndProject
Project("{9A19103F-16F7-4668-BE54-9A1E7A4F7556}") = "Modules.Articles.Bootstraper", "Modules.Articles.Bootstraper\Modules.Articles.Bootstraper.csproj", "{35558E92-FFDB-462E-9323-2C4A4FDE2A72}"
EndProject
Project("{9A19103F-16F7-4668-BE54-9A1E7A4F7556}") = "Shared.ApplicationTests", "..\..\Shared\Shared.ApplicationTests\Shared.ApplicationTests.csproj", "{76C3B60A-A75F-43D7-B56B-7F883AAE37DE}"
EndProject
Project("{9A19103F-16F7-4668-BE54-9A1E7A4F7556}") = "Shared.Application", "..\..\Shared\Shared.Application\Shared.Application.csproj", "{9A373F8E-D621-4D5D-B133-3A02EB81274A}"
EndProject
Project("{9A19103F-16F7-4668-BE54-9A1E7A4F7556}") = "Shared.Api", "..\..\Shared\Shared.Api\Shared.Api.csproj", "{24C2CAF1-80F0-4B3E-9811-E13B752275A6}"
EndProject
Project("{9A19103F-16F7-4668-BE54-9A1E7A4F7556}") = "Modules.Articles.Api", "Modules.Articles.Api\Modules.Articles.Api.csproj", "{1BA0B147-625A-4630-A0DD-AD5222099A3B}"
EndProject
Project("{9A19103F-16F7-4668-BE54-9A1E7A4F7556}") = "Modules.Articles.ApplicationTests", "Modules.Articles.ApplicationTests\Modules.Articles.ApplicationTests.csproj", "{488818E7-8EA1-4B67-BF45-38143A0B06DB}"
EndProject
Project("{9A19103F-16F7-4668-BE54-9A1E7A4F7556}") = "Modules.Articles.Shared", "Modules.Articles.Shared\Modules.Articles.Shared.csproj", "{2051C42B-5F69-437A-BE61-0A397828AF50}"
EndProject
Global
	GlobalSection(SolutionConfigurationPlatforms) = preSolution
		Debug|Any CPU = Debug|Any CPU
		Release|Any CPU = Release|Any CPU
	EndGlobalSection
	GlobalSection(ProjectConfigurationPlatforms) = postSolution
		{6F7B8094-7B91-40CD-8177-63EBBAD32EC7}.Debug|Any CPU.ActiveCfg = Debug|Any CPU
		{6F7B8094-7B91-40CD-8177-63EBBAD32EC7}.Debug|Any CPU.Build.0 = Debug|Any CPU
		{6F7B8094-7B91-40CD-8177-63EBBAD32EC7}.Release|Any CPU.ActiveCfg = Release|Any CPU
		{6F7B8094-7B91-40CD-8177-63EBBAD32EC7}.Release|Any CPU.Build.0 = Release|Any CPU
		{F49DE0E7-35A4-41E4-9096-F34D4EB25F36}.Debug|Any CPU.ActiveCfg = Debug|Any CPU
		{F49DE0E7-35A4-41E4-9096-F34D4EB25F36}.Debug|Any CPU.Build.0 = Debug|Any CPU
		{F49DE0E7-35A4-41E4-9096-F34D4EB25F36}.Release|Any CPU.ActiveCfg = Release|Any CPU
		{F49DE0E7-35A4-41E4-9096-F34D4EB25F36}.Release|Any CPU.Build.0 = Release|Any CPU
		{21BCD234-4D48-412E-9F4F-358E9FFF36D1}.Debug|Any CPU.ActiveCfg = Debug|Any CPU
		{21BCD234-4D48-412E-9F4F-358E9FFF36D1}.Debug|Any CPU.Build.0 = Debug|Any CPU
		{21BCD234-4D48-412E-9F4F-358E9FFF36D1}.Release|Any CPU.ActiveCfg = Release|Any CPU
		{21BCD234-4D48-412E-9F4F-358E9FFF36D1}.Release|Any CPU.Build.0 = Release|Any CPU
		{2D658793-A5F5-4D25-9A5D-B1400A5340DE}.Debug|Any CPU.ActiveCfg = Debug|Any CPU
		{2D658793-A5F5-4D25-9A5D-B1400A5340DE}.Debug|Any CPU.Build.0 = Debug|Any CPU
		{2D658793-A5F5-4D25-9A5D-B1400A5340DE}.Release|Any CPU.ActiveCfg = Release|Any CPU
		{2D658793-A5F5-4D25-9A5D-B1400A5340DE}.Release|Any CPU.Build.0 = Release|Any CPU
		{016C67E4-961A-4214-92D4-0865156E1489}.Debug|Any CPU.ActiveCfg = Debug|Any CPU
		{016C67E4-961A-4214-92D4-0865156E1489}.Debug|Any CPU.Build.0 = Debug|Any CPU
		{016C67E4-961A-4214-92D4-0865156E1489}.Release|Any CPU.ActiveCfg = Release|Any CPU
		{016C67E4-961A-4214-92D4-0865156E1489}.Release|Any CPU.Build.0 = Release|Any CPU
		{F13F659B-3C51-474A-A68C-7CC3D1917068}.Debug|Any CPU.ActiveCfg = Debug|Any CPU
		{F13F659B-3C51-474A-A68C-7CC3D1917068}.Debug|Any CPU.Build.0 = Debug|Any CPU
		{F13F659B-3C51-474A-A68C-7CC3D1917068}.Release|Any CPU.ActiveCfg = Release|Any CPU
		{F13F659B-3C51-474A-A68C-7CC3D1917068}.Release|Any CPU.Build.0 = Release|Any CPU
		{CCBAC426-C135-4234-855D-C50C34A0463A}.Debug|Any CPU.ActiveCfg = Debug|Any CPU
		{CCBAC426-C135-4234-855D-C50C34A0463A}.Debug|Any CPU.Build.0 = Debug|Any CPU
		{CCBAC426-C135-4234-855D-C50C34A0463A}.Release|Any CPU.ActiveCfg = Release|Any CPU
		{CCBAC426-C135-4234-855D-C50C34A0463A}.Release|Any CPU.Build.0 = Release|Any CPU
		{C45AAD97-DEE9-4749-AC30-9D46EE1B80CE}.Debug|Any CPU.ActiveCfg = Debug|Any CPU
		{C45AAD97-DEE9-4749-AC30-9D46EE1B80CE}.Debug|Any CPU.Build.0 = Debug|Any CPU
		{C45AAD97-DEE9-4749-AC30-9D46EE1B80CE}.Release|Any CPU.ActiveCfg = Release|Any CPU
		{C45AAD97-DEE9-4749-AC30-9D46EE1B80CE}.Release|Any CPU.Build.0 = Release|Any CPU
		{0B10D7D3-55E0-45B2-968C-3EEF62CB6FB7}.Debug|Any CPU.ActiveCfg = Debug|Any CPU
		{0B10D7D3-55E0-45B2-968C-3EEF62CB6FB7}.Debug|Any CPU.Build.0 = Debug|Any CPU
		{0B10D7D3-55E0-45B2-968C-3EEF62CB6FB7}.Release|Any CPU.ActiveCfg = Release|Any CPU
		{0B10D7D3-55E0-45B2-968C-3EEF62CB6FB7}.Release|Any CPU.Build.0 = Release|Any CPU
		{35558E92-FFDB-462E-9323-2C4A4FDE2A72}.Debug|Any CPU.ActiveCfg = Debug|Any CPU
		{35558E92-FFDB-462E-9323-2C4A4FDE2A72}.Debug|Any CPU.Build.0 = Debug|Any CPU
		{35558E92-FFDB-462E-9323-2C4A4FDE2A72}.Release|Any CPU.ActiveCfg = Release|Any CPU
		{35558E92-FFDB-462E-9323-2C4A4FDE2A72}.Release|Any CPU.Build.0 = Release|Any CPU
		{76C3B60A-A75F-43D7-B56B-7F883AAE37DE}.Debug|Any CPU.ActiveCfg = Debug|Any CPU
		{76C3B60A-A75F-43D7-B56B-7F883AAE37DE}.Debug|Any CPU.Build.0 = Debug|Any CPU
		{76C3B60A-A75F-43D7-B56B-7F883AAE37DE}.Release|Any CPU.ActiveCfg = Release|Any CPU
		{76C3B60A-A75F-43D7-B56B-7F883AAE37DE}.Release|Any CPU.Build.0 = Release|Any CPU
		{9A373F8E-D621-4D5D-B133-3A02EB81274A}.Debug|Any CPU.ActiveCfg = Debug|Any CPU
		{9A373F8E-D621-4D5D-B133-3A02EB81274A}.Debug|Any CPU.Build.0 = Debug|Any CPU
		{9A373F8E-D621-4D5D-B133-3A02EB81274A}.Release|Any CPU.ActiveCfg = Release|Any CPU
		{9A373F8E-D621-4D5D-B133-3A02EB81274A}.Release|Any CPU.Build.0 = Release|Any CPU
		{24C2CAF1-80F0-4B3E-9811-E13B752275A6}.Debug|Any CPU.ActiveCfg = Debug|Any CPU
		{24C2CAF1-80F0-4B3E-9811-E13B752275A6}.Debug|Any CPU.Build.0 = Debug|Any CPU
		{24C2CAF1-80F0-4B3E-9811-E13B752275A6}.Release|Any CPU.ActiveCfg = Release|Any CPU
		{24C2CAF1-80F0-4B3E-9811-E13B752275A6}.Release|Any CPU.Build.0 = Release|Any CPU
		{1BA0B147-625A-4630-A0DD-AD5222099A3B}.Debug|Any CPU.ActiveCfg = Debug|Any CPU
		{1BA0B147-625A-4630-A0DD-AD5222099A3B}.Debug|Any CPU.Build.0 = Debug|Any CPU
		{1BA0B147-625A-4630-A0DD-AD5222099A3B}.Release|Any CPU.ActiveCfg = Release|Any CPU
		{1BA0B147-625A-4630-A0DD-AD5222099A3B}.Release|Any CPU.Build.0 = Release|Any CPU
		{488818E7-8EA1-4B67-BF45-38143A0B06DB}.Debug|Any CPU.ActiveCfg = Debug|Any CPU
		{488818E7-8EA1-4B67-BF45-38143A0B06DB}.Debug|Any CPU.Build.0 = Debug|Any CPU
		{488818E7-8EA1-4B67-BF45-38143A0B06DB}.Release|Any CPU.ActiveCfg = Release|Any CPU
		{488818E7-8EA1-4B67-BF45-38143A0B06DB}.Release|Any CPU.Build.0 = Release|Any CPU
		{2051C42B-5F69-437A-BE61-0A397828AF50}.Debug|Any CPU.ActiveCfg = Debug|Any CPU
		{2051C42B-5F69-437A-BE61-0A397828AF50}.Debug|Any CPU.Build.0 = Debug|Any CPU
		{2051C42B-5F69-437A-BE61-0A397828AF50}.Release|Any CPU.ActiveCfg = Release|Any CPU
		{2051C42B-5F69-437A-BE61-0A397828AF50}.Release|Any CPU.Build.0 = Release|Any CPU
	EndGlobalSection
	GlobalSection(SolutionProperties) = preSolution
		HideSolutionNode = FALSE
	EndGlobalSection
	GlobalSection(NestedProjects) = preSolution
		{6F7B8094-7B91-40CD-8177-63EBBAD32EC7} = {4C5CB352-1436-4EE5-AC2A-8D2378ADA0DD}
		{F49DE0E7-35A4-41E4-9096-F34D4EB25F36} = {4C5CB352-1436-4EE5-AC2A-8D2378ADA0DD}
		{B45EDEC9-346E-4EFC-AFCF-3F8E5D44638F} = {4C5CB352-1436-4EE5-AC2A-8D2378ADA0DD}
		{21BCD234-4D48-412E-9F4F-358E9FFF36D1} = {B45EDEC9-346E-4EFC-AFCF-3F8E5D44638F}
		{2D658793-A5F5-4D25-9A5D-B1400A5340DE} = {B45EDEC9-346E-4EFC-AFCF-3F8E5D44638F}
		{2A529F31-DA69-4087-B165-D8460CCEB0C0} = {8FB538A3-B9F8-43EE-979F-65C7BBA3883E}
		{016C67E4-961A-4214-92D4-0865156E1489} = {2A529F31-DA69-4087-B165-D8460CCEB0C0}
		{F13F659B-3C51-474A-A68C-7CC3D1917068} = {2A529F31-DA69-4087-B165-D8460CCEB0C0}
		{CCBAC426-C135-4234-855D-C50C34A0463A} = {2A529F31-DA69-4087-B165-D8460CCEB0C0}
		{BA0B4FC5-FBFB-48A7-BB21-F22607CBC7C0} = {2A529F31-DA69-4087-B165-D8460CCEB0C0}
		{C45AAD97-DEE9-4749-AC30-9D46EE1B80CE} = {BA0B4FC5-FBFB-48A7-BB21-F22607CBC7C0}
		{0B10D7D3-55E0-45B2-968C-3EEF62CB6FB7} = {BA0B4FC5-FBFB-48A7-BB21-F22607CBC7C0}
		{AA80CFF7-38C3-4B74-957D-6C583F950FFB} = {2A529F31-DA69-4087-B165-D8460CCEB0C0}
		{35558E92-FFDB-462E-9323-2C4A4FDE2A72} = {AA80CFF7-38C3-4B74-957D-6C583F950FFB}
		{76C3B60A-A75F-43D7-B56B-7F883AAE37DE} = {B45EDEC9-346E-4EFC-AFCF-3F8E5D44638F}
		{9A373F8E-D621-4D5D-B133-3A02EB81274A} = {4C5CB352-1436-4EE5-AC2A-8D2378ADA0DD}
		{24C2CAF1-80F0-4B3E-9811-E13B752275A6} = {4C5CB352-1436-4EE5-AC2A-8D2378ADA0DD}
		{1BA0B147-625A-4630-A0DD-AD5222099A3B} = {2A529F31-DA69-4087-B165-D8460CCEB0C0}
		{488818E7-8EA1-4B67-BF45-38143A0B06DB} = {BA0B4FC5-FBFB-48A7-BB21-F22607CBC7C0}
		{2051C42B-5F69-437A-BE61-0A397828AF50} = {2A529F31-DA69-4087-B165-D8460CCEB0C0}
	EndGlobalSection
	GlobalSection(ExtensibilityGlobals) = postSolution
		SolutionGuid = {B4B237F6-64CC-4DA8-B9D0-A95951112588}
	EndGlobalSection
EndGlobal
